<?xml version="1.0" encoding="utf-8"?>
<Project ToolsVersion="4.0" xmlns="http://schemas.microsoft.com/developer/msbuild/2003">
  <ItemGroup>
    <Filter Include="Scene">
      <UniqueIdentifier>{c221b0b9-7a1f-4dbf-8207-15a5fb354503}</UniqueIdentifier>
    </Filter>
    <Filter Include="System">
      <UniqueIdentifier>{170b7e87-3b17-4f7a-88d2-f442c5bdfd65}</UniqueIdentifier>
    </Filter>
    <Filter Include="System\FPS">
      <UniqueIdentifier>{5d6ee308-5766-4cd5-b58c-34e7fcce443f}</UniqueIdentifier>
    </Filter>
    <Filter Include="Scene\Play">
      <UniqueIdentifier>{b55811a5-1ceb-464f-ba51-abf42587a068}</UniqueIdentifier>
    </Filter>
    <Filter Include="Scene\Title">
      <UniqueIdentifier>{2df1aed2-6041-42dc-845c-ae2621933bb3}</UniqueIdentifier>
    </Filter>
    <Filter Include="Scene\Result">
      <UniqueIdentifier>{e096129b-444d-4166-ab78-6776c847828e}</UniqueIdentifier>
    </Filter>
    <Filter Include="UI">
      <UniqueIdentifier>{732116fe-dfc4-476f-b489-283f2b8acaab}</UniqueIdentifier>
    </Filter>
    <Filter Include="UI\Background">
      <UniqueIdentifier>{b5f84ca8-c0c6-41ea-96b3-b7b9c131c5da}</UniqueIdentifier>
    </Filter>
    <Filter Include="UI\Image">
      <UniqueIdentifier>{f9b92f2e-6fb1-4f75-a036-a30682e1cdc3}</UniqueIdentifier>
    </Filter>
    <Filter Include="Map">
      <UniqueIdentifier>{ede05f85-cbda-4da0-8a0c-ff2ad1ec1cbd}</UniqueIdentifier>
    </Filter>
    <Filter Include="Actor">
      <UniqueIdentifier>{a79eb5db-a189-439e-b8ff-a46366244923}</UniqueIdentifier>
    </Filter>
    <Filter Include="System\Math">
      <UniqueIdentifier>{6591a5a9-d24d-4b31-974a-02294b992539}</UniqueIdentifier>
    </Filter>
    <Filter Include="Actor\Ground">
      <UniqueIdentifier>{6807e89b-ac87-404a-8173-4ccb9d7ad2cd}</UniqueIdentifier>
    </Filter>
    <Filter Include="System\RapidJson">
      <UniqueIdentifier>{d3c5b949-9772-4402-957b-7645f47d5da3}</UniqueIdentifier>
    </Filter>
    <Filter Include="Actor\Player">
      <UniqueIdentifier>{336d5a35-97a0-468e-826b-231ea4a8130f}</UniqueIdentifier>
    </Filter>
    <Filter Include="Components">
      <UniqueIdentifier>{ebd89bfa-1593-4a00-9e50-396c8b30a388}</UniqueIdentifier>
    </Filter>
    <Filter Include="Camera">
      <UniqueIdentifier>{c42c8bd2-7e66-46a0-affb-0bacf38000df}</UniqueIdentifier>
    </Filter>
  </ItemGroup>
  <ItemGroup>
    <ClCompile Include="SceneBase.cpp">
      <Filter>Scene</Filter>
    </ClCompile>
    <ClCompile Include="Game.cpp" />
    <ClCompile Include="main.cpp" />
    <ClCompile Include="pch.cpp" />
    <ClCompile Include="FPS.cpp">
      <Filter>System\FPS</Filter>
    </ClCompile>
    <ClCompile Include="Play.cpp">
      <Filter>Scene\Play</Filter>
    </ClCompile>
    <ClCompile Include="Title.cpp">
      <Filter>Scene\Title</Filter>
    </ClCompile>
    <ClCompile Include="Result.cpp">
      <Filter>Scene\Result</Filter>
    </ClCompile>
    <ClCompile Include="UIBase.cpp">
      <Filter>UI</Filter>
    </ClCompile>
    <ClCompile Include="UIManager.cpp">
      <Filter>UI</Filter>
    </ClCompile>
    <ClCompile Include="Image.cpp">
      <Filter>UI\Image</Filter>
    </ClCompile>
    <ClCompile Include="Background.cpp">
      <Filter>UI\Background</Filter>
    </ClCompile>
    <ClCompile Include="ActorBase.cpp">
      <Filter>Actor</Filter>
    </ClCompile>
    <ClCompile Include="Math.cpp">
      <Filter>System\Math</Filter>
    </ClCompile>
    <ClCompile Include="ActorManager.cpp">
      <Filter>Actor</Filter>
    </ClCompile>
    <ClCompile Include="Ground.cpp">
      <Filter>Actor\Ground</Filter>
    </ClCompile>
    <ClCompile Include="Map.cpp">
      <Filter>Map</Filter>
    </ClCompile>
    <ClCompile Include="Camera.cpp">
      <Filter>Camera</Filter>
    </ClCompile>
    <ClCompile Include="RapidJson.cpp">
      <Filter>System\RapidJson</Filter>
    </ClCompile>
    <ClCompile Include="Player.cpp">
      <Filter>Actor\Player</Filter>
    </ClCompile>
  </ItemGroup>
  <ItemGroup>
    <ClInclude Include="SceneBase.h">
      <Filter>Scene</Filter>
    </ClInclude>
    <ClInclude Include="Game.h" />
    <ClInclude Include="pch.h" />
    <ClInclude Include="FPS.h">
      <Filter>System\FPS</Filter>
    </ClInclude>
    <ClInclude Include="Play.h">
      <Filter>Scene\Play</Filter>
    </ClInclude>
    <ClInclude Include="Title.h">
      <Filter>Scene\Title</Filter>
    </ClInclude>
    <ClInclude Include="Result.h">
      <Filter>Scene\Result</Filter>
    </ClInclude>
    <ClInclude Include="UIBase.h">
      <Filter>UI</Filter>
    </ClInclude>
    <ClInclude Include="UIManager.h">
      <Filter>UI</Filter>
    </ClInclude>
    <ClInclude Include="Image.h">
      <Filter>UI\Image</Filter>
    </ClInclude>
    <ClInclude Include="Background.h">
      <Filter>UI\Background</Filter>
    </ClInclude>
    <ClInclude Include="ActorBase.h">
      <Filter>Actor</Filter>
    </ClInclude>
    <ClInclude Include="Math.h">
      <Filter>System\Math</Filter>
    </ClInclude>
    <ClInclude Include="ActorManager.h">
      <Filter>Actor</Filter>
    </ClInclude>
    <ClInclude Include="Ground.h">
      <Filter>Actor\Ground</Filter>
    </ClInclude>
    <ClInclude Include="Map.h">
      <Filter>Map</Filter>
    </ClInclude>
    <ClInclude Include="Camera.h">
      <Filter>Camera</Filter>
    </ClInclude>
    <ClInclude Include="RapidJson.h">
      <Filter>System\RapidJson</Filter>
    </ClInclude>
    <ClInclude Include="Player.h">
      <Filter>Actor\Player</Filter>
    </ClInclude>
  </ItemGroup>
</Project>